
Microsoft Visual Studio Solution File, Format Version 12.00
# Visual Studio Version 17
VisualStudioVersion = 17.10.35013.160
MinimumVisualStudioVersion = 10.0.40219.1
Project("{FAE04EC0-301F-11D3-BF4B-00C04F79EFBC}") = "UpdateRagedIPs", "UpdateRagedIPs\UpdateRagedIPs.csproj", "{20003675-F80F-486C-8554-138A88C9424D}"
EndProject
Global
	GlobalSection(SolutionConfigurationPlatforms) = preSolution
		Debug|Any CPU = Debug|Any CPU
		Release|Any CPU = Release|Any CPU
	EndGlobalSection
	GlobalSection(ProjectConfigurationPlatforms) = postSolution
		{20003675-F80F-486C-8554-138A88C9424D}.Debug|Any CPU.ActiveCfg = Debug|Any CPU
		{20003675-F80F-486C-8554-138A88C9424D}.Debug|Any CPU.Build.0 = Debug|Any CPU
		{20003675-F80F-486C-8554-138A88C9424D}.Release|Any CPU.ActiveCfg = Release|Any CPU
		{20003675-F80F-486C-8554-138A88C9424D}.Release|Any CPU.Build.0 = Release|Any CPU
	EndGlobalSection
	GlobalSection(SolutionProperties) = preSolution
		HideSolutionNode = FALSE
	EndGlobalSection
	GlobalSection(ExtensibilityGlobals) = postSolution
		SolutionGuid = {FEF6C56A-190E-4D38-8E4E-4009D0F81010}
	EndGlobalSection
EndGlobal
